
Microsoft Visual Studio Solution File, Format Version 12.00
# Visual Studio Version 17
VisualStudioVersion = 17.12.35527.113 d17.12
MinimumVisualStudioVersion = 10.0.40219.1
Project("{FAE04EC0-301F-11D3-BF4B-00C04F79EFBC}") = "KioskHub.Wpf", "src\KioskHub.Wpf\KioskHub.Wpf.csproj", "{108CA2AD-4329-4261-AC23-D6B4AA83DC02}"
EndProject
Project("{FAE04EC0-301F-11D3-BF4B-00C04F79EFBC}") = "KioskHub.Domain", "src\KioskHub.Domain\KioskHub.Domain.csproj", "{C38F899B-9E61-4687-85AB-25E76435FFAA}"
EndProject
Project("{FAE04EC0-301F-11D3-BF4B-00C04F79EFBC}") = "KioskHub.Infrastructure", "src\KioskHub.Infrastructure\KioskHub.Infrastructure.csproj", "{7399798A-AAB8-4877-8FB2-51FA1768A399}"
EndProject
Global
	GlobalSection(SolutionConfigurationPlatforms) = preSolution
		Debug|Any CPU = Debug|Any CPU
		Release|Any CPU = Release|Any CPU
	EndGlobalSection
	GlobalSection(ProjectConfigurationPlatforms) = postSolution
		{108CA2AD-4329-4261-AC23-D6B4AA83DC02}.Debug|Any CPU.ActiveCfg = Debug|Any CPU
		{108CA2AD-4329-4261-AC23-D6B4AA83DC02}.Debug|Any CPU.Build.0 = Debug|Any CPU
		{108CA2AD-4329-4261-AC23-D6B4AA83DC02}.Release|Any CPU.ActiveCfg = Release|Any CPU
		{108CA2AD-4329-4261-AC23-D6B4AA83DC02}.Release|Any CPU.Build.0 = Release|Any CPU
		{C38F899B-9E61-4687-85AB-25E76435FFAA}.Debug|Any CPU.ActiveCfg = Debug|Any CPU
		{C38F899B-9E61-4687-85AB-25E76435FFAA}.Debug|Any CPU.Build.0 = Debug|Any CPU
		{C38F899B-9E61-4687-85AB-25E76435FFAA}.Release|Any CPU.ActiveCfg = Release|Any CPU
		{C38F899B-9E61-4687-85AB-25E76435FFAA}.Release|Any CPU.Build.0 = Release|Any CPU
		{7399798A-AAB8-4877-8FB2-51FA1768A399}.Debug|Any CPU.ActiveCfg = Debug|Any CPU
		{7399798A-AAB8-4877-8FB2-51FA1768A399}.Debug|Any CPU.Build.0 = Debug|Any CPU
		{7399798A-AAB8-4877-8FB2-51FA1768A399}.Release|Any CPU.ActiveCfg = Release|Any CPU
		{7399798A-AAB8-4877-8FB2-51FA1768A399}.Release|Any CPU.Build.0 = Release|Any CPU
	EndGlobalSection
	GlobalSection(SolutionProperties) = preSolution
		HideSolutionNode = FALSE
	EndGlobalSection
EndGlobal
